Microsoft Visual Studio Solution File, Format Version 12.00
# Visual Studio 2012
Project("{4E2E267C-5439-9C93-E6C2-1BEC37142486}") = "CrystalCollect2D", "Assembly-CSharp.csproj", "{06982A20-8E40-0FC7-FD91-F6679ED9FE33}"
EndProject
Project("{4E2E267C-5439-9C93-E6C2-1BEC37142486}") = "CrystalCollect2D", "Assembly-CSharp-Editor-firstpass.csproj", "{A9390F82-7986-E5AB-4743-315983FBEDB7}"
EndProject
Global
	GlobalSection(SolutionConfigurationPlatforms) = preSolution
		Debug|Any CPU = Debug|Any CPU
		Release|Any CPU = Release|Any CPU
	EndGlobalSection
	GlobalSection(ProjectConfigurationPlatforms) = postSolution
		{06982A20-8E40-0FC7-FD91-F6679ED9FE33}.Debug|Any CPU.ActiveCfg = Debug|Any CPU
		{06982A20-8E40-0FC7-FD91-F6679ED9FE33}.Debug|Any CPU.Build.0 = Debug|Any CPU
		{06982A20-8E40-0FC7-FD91-F6679ED9FE33}.Release|Any CPU.ActiveCfg = Release|Any CPU
		{06982A20-8E40-0FC7-FD91-F6679ED9FE33}.Release|Any CPU.Build.0 = Release|Any CPU
		{A9390F82-7986-E5AB-4743-315983FBEDB7}.Debug|Any CPU.ActiveCfg = Debug|Any CPU
		{A9390F82-7986-E5AB-4743-315983FBEDB7}.Debug|Any CPU.Build.0 = Debug|Any CPU
		{A9390F82-7986-E5AB-4743-315983FBEDB7}.Release|Any CPU.ActiveCfg = Release|Any CPU
		{A9390F82-7986-E5AB-4743-315983FBEDB7}.Release|Any CPU.Build.0 = Release|Any CPU
	EndGlobalSection
	GlobalSection(MonoDevelopProperties) = preSolution
		StartupItem = Assembly-CSharp.csproj
	EndGlobalSection
EndGlobal
